
Microsoft Visual Studio Solution File, Format Version 12.00
# Visual Studio Version 18
VisualStudioVersion = 18.6.11822.322 stable
MinimumVisualStudioVersion = 10.0.40219.1
Project("{FAE04EC0-301F-11D3-BF4B-00C04F79EFBC}") = "CinemaGo", "CinemaGo.csproj", "{23BD1A63-DB5F-5A39-223D-6A05B11A6AC3}"
EndProject
Global
	GlobalSection(SolutionConfigurationPlatforms) = preSolution
		Debug|Any CPU = Debug|Any CPU
		Release|Any CPU = Release|Any CPU
	EndGlobalSection
	GlobalSection(ProjectConfigurationPlatforms) = postSolution
		{23BD1A63-DB5F-5A39-223D-6A05B11A6AC3}.Debug|Any CPU.ActiveCfg = Debug|Any CPU
		{23BD1A63-DB5F-5A39-223D-6A05B11A6AC3}.Debug|Any CPU.Build.0 = Debug|Any CPU
		{23BD1A63-DB5F-5A39-223D-6A05B11A6AC3}.Release|Any CPU.ActiveCfg = Release|Any CPU
		{23BD1A63-DB5F-5A39-223D-6A05B11A6AC3}.Release|Any CPU.Build.0 = Release|Any CPU
	EndGlobalSection
	GlobalSection(SolutionProperties) = preSolution
		HideSolutionNode = FALSE
	EndGlobalSection
	GlobalSection(ExtensibilityGlobals) = postSolution
		SolutionGuid = {89DCC9B3-8C38-4CC5-845B-5CBE241F9395}
	EndGlobalSection
EndGlobal
